# This file is autogenerated, do not edit; changes may be undone by the next 'dep ensure'.


[[projects]]
  digest = "1:44f0b80ad35123e1200036a2c60a8540f28b9d3c61d177eb0e6b92a22d0e009a"
  name = "github.com/nulab/go-typetalk"
  packages = [
    "typetalk/internal",
    "typetalk/shared",
    "typetalk/v1",
  ]
  pruneopts = "UT"
  revision = "3490f0ad369a4da19a58fea45cb97fb508e03a44"
  version = "2.0.2"

[solve-meta]
  analyzer-name = "dep"
  analyzer-version = 1
  input-imports = ["github.com/nulab/go-typetalk/typetalk/v1"]
  solver-name = "gps-cdcl"
  solver-version = 1
